
Microsoft Visual Studio Solution File, Format Version 12.00
# Visual Studio Version 16
VisualStudioVersion = 16.0.31729.503
MinimumVisualStudioVersion = 10.0.40219.1
Project("{FAE04EC0-301F-11D3-BF4B-00C04F79EFBC}") = "zad1-2.11.21", "zad1-2.11.21\zad1-2.11.21.csproj", "{99C24956-377D-40CD-BBC7-9D21088BFE7F}"
EndProject
Global
	GlobalSection(SolutionConfigurationPlatforms) = preSolution
		Debug|Any CPU = Debug|Any CPU
		Release|Any CPU = Release|Any CPU
	EndGlobalSection
	GlobalSection(ProjectConfigurationPlatforms) = postSolution
		{99C24956-377D-40CD-BBC7-9D21088BFE7F}.Debug|Any CPU.ActiveCfg = Debug|Any CPU
		{99C24956-377D-40CD-BBC7-9D21088BFE7F}.Debug|Any CPU.Build.0 = Debug|Any CPU
		{99C24956-377D-40CD-BBC7-9D21088BFE7F}.Release|Any CPU.ActiveCfg = Release|Any CPU
		{99C24956-377D-40CD-BBC7-9D21088BFE7F}.Release|Any CPU.Build.0 = Release|Any CPU
	EndGlobalSection
	GlobalSection(SolutionProperties) = preSolution
		HideSolutionNode = FALSE
	EndGlobalSection
	GlobalSection(ExtensibilityGlobals) = postSolution
		SolutionGuid = {569641E4-C828-442A-A19B-1D4DBCD014B5}
	EndGlobalSection
EndGlobal
